prepare:
  cmd: python src/prepare.py
  deps:
  - path: data/raw
    md5: a8a5252d9b14ab2c1be283822a86981a.dir
  - path: src/prepare.py
    md5: ef804f358e00edcfe52c865b471f8f55
  outs:
  - path: data/prepared/test.csv
    md5: 73f53e401271d16227b690af029e2e24
  - path: data/prepared/train.csv
    md5: ab668e4ccfede62511ae0769a4c3921d
train:
  cmd: python src/train.py
  deps:
  - path: data/prepared/train.csv
    md5: ab668e4ccfede62511ae0769a4c3921d
  - path: src/train.py
    md5: 914f3615c0b539ac7ff346f6c55a2802
  outs:
  - path: model/model.joblib
    md5: b0f253aa0f51acb3a6519d4355987904
evaluate:
  cmd: python src/evaluate.py
  deps:
  - path: model/model.joblib
    md5: b0f253aa0f51acb3a6519d4355987904
  - path: src/evaluate.py
    md5: b197277667d6269271fff4ae4af8a941
  outs:
  - path: metrics/accuracy.json
    md5: e5f81280df4a365ece8e2813e2dbe8a2
